// !$*UTF8*$!
{
	archiveVersion = 1;
	classes = {
	};
	objectVersion = 55;
	objects = {

/* Begin PBXBuildFile section */
		7CA483D1286C55F500E4FDBF /* AppDelegate.swift in Sources */ = {isa = PBXBuildFile; fileRef = 7CA483D0286C55F500E4FDBF /* AppDelegate.swift */; };
		7CA483D3286C55F500E4FDBF /* SceneDelegate.swift in Sources */ = {isa = PBXBuildFile; fileRef = 7CA483D2286C55F500E4FDBF /* SceneDelegate.swift */; };
		7CA483D8286C55F500E4FDBF /* Main.storyboard in Resources */ = {isa = PBXBuildFile; fileRef = 7CA483D6286C55F500E4FDBF /* Main.storyboard */; };
		7CA483DA286C55F800E4FDBF /* Assets.xcassets in Resources */ = {isa = PBXBuildFile; fileRef = 7CA483D9286C55F800E4FDBF /* Assets.xcassets */; };
		7CA483DD286C55F800E4FDBF /* LaunchScreen.storyboard in Resources */ = {isa = PBXBuildFile; fileRef = 7CA483DB286C55F800E4FDBF /* LaunchScreen.storyboard */; };
		7CA483E5286C565100E4FDBF /* LogInViewController.swift in Sources */ = {isa = PBXBuildFile; fileRef = 7CA483E4286C565100E4FDBF /* LogInViewController.swift */; };
		7CA483E7286C565C00E4FDBF /* RegisterViewController.swift in Sources */ = {isa = PBXBuildFile; fileRef = 7CA483E6286C565C00E4FDBF /* RegisterViewController.swift */; };
		7CA483E9286C568300E4FDBF /* MapViewController.swift in Sources */ = {isa = PBXBuildFile; fileRef = 7CA483E8286C568300E4FDBF /* MapViewController.swift */; };
		7CA483EB286C56CC00E4FDBF /* UserInfo.swift in Sources */ = {isa = PBXBuildFile; fileRef = 7CA483EA286C56CC00E4FDBF /* UserInfo.swift */; };
		7CA483ED286C56E800E4FDBF /* ColorExtension.swift in Sources */ = {isa = PBXBuildFile; fileRef = 7CA483EC286C56E800E4FDBF /* ColorExtension.swift */; };
		7CA483EF286C56FB00E4FDBF /* UIViewController+Extension.swift in Sources */ = {isa = PBXBuildFile; fileRef = 7CA483EE286C56FB00E4FDBF /* UIViewController+Extension.swift */; };
/* End PBXBuildFile section */

/* Begin PBXFileReference section */
		7CA483CD286C55F500E4FDBF /* logIn_and_register_screen.app */ = {isa = PBXFileReference; explicitFileType = wrapper.application; includeInIndex = 0; path = logIn_and_register_screen.app; sourceTree = BUILT_PRODUCTS_DIR; };
		7CA483D0286C55F500E4FDBF /* AppDelegate.swift */ = {isa = PBXFileReference; lastKnownFileType = sourcecode.swift; path = AppDelegate.swift; sourceTree = "<group>"; };
		7CA483D2286C55F500E4FDBF /* SceneDelegate.swift */ = {isa = PBXFileReference; lastKnownFileType = sourcecode.swift; path = SceneDelegate.swift; sourceTree = "<group>"; };
		7CA483D7286C55F500E4FDBF /* Base */ = {isa = PBXFileReference; lastKnownFileType = file.storyboard; name = Base; path = Base.lproj/Main.storyboard; sourceTree = "<group>"; };
		7CA483D9286C55F800E4FDBF /* Assets.xcassets */ = {isa = PBXFileReference; lastKnownFileType = folder.assetcatalog; path = Assets.xcassets; sourceTree = "<group>"; };
		7CA483DC286C55F800E4FDBF /* Base */ = {isa = PBXFileReference; lastKnownFileType = file.storyboard; name = Base; path = Base.lproj/LaunchScreen.storyboard; sourceTree = "<group>"; };
		7CA483DE286C55F800E4FDBF /* Info.plist */ = {isa = PBXFileReference; lastKnownFileType = text.plist.xml; path = Info.plist; sourceTree = "<group>"; };
		7CA483E4286C565100E4FDBF /* LogInViewController.swift */ = {isa = PBXFileReference; lastKnownFileType = sourcecode.swift; path = LogInViewController.swift; sourceTree = "<group>"; };
		7CA483E6286C565C00E4FDBF /* RegisterViewController.swift */ = {isa = PBXFileReference; lastKnownFileType = sourcecode.swift; path = RegisterViewController.swift; sourceTree = "<group>"; };
		7CA483E8286C568300E4FDBF /* MapViewController.swift */ = {isa = PBXFileReference; lastKnownFileType = sourcecode.swift; path = MapViewController.swift; sourceTree = "<group>"; };
		7CA483EA286C56CC00E4FDBF /* UserInfo.swift */ = {isa = PBXFileReference; lastKnownFileType = sourcecode.swift; path = UserInfo.swift; sourceTree = "<group>"; };
		7CA483EC286C56E800E4FDBF /* ColorExtension.swift */ = {isa = PBXFileReference; lastKnownFileType = sourcecode.swift; path = ColorExtension.swift; sourceTree = "<group>"; };
		7CA483EE286C56FB00E4FDBF /* UIViewController+Extension.swift */ = {isa = PBXFileReference; lastKnownFileType = sourcecode.swift; name = "UIViewController+Extension.swift"; path = "../../../UIViewController+Extension.swift"; sourceTree = "<group>"; };
/* End PBXFileReference section */

/* Begin PBXFrameworksBuildPhase section */
		7CA483CA286C55F500E4FDBF /* Frameworks */ = {
			isa = PBXFrameworksBuildPhase;
			buildActionMask = 2147483647;
			files = (
			);
			runOnlyForDeploymentPostprocessing = 0;
		};
/* End PBXFrameworksBuildPhase section */

/* Begin PBXGroup section */
		7CA483C4286C55F500E4FDBF = {
			isa = PBXGroup;
			children = (
				7CA483CF286C55F500E4FDBF /* logIn_and_register_screen */,
				7CA483CE286C55F500E4FDBF /* Products */,
			);
			sourceTree = "<group>";
		};
		7CA483CE286C55F500E4FDBF /* Products */ = {
			isa = PBXGroup;
			children = (
				7CA483CD286C55F500E4FDBF /* logIn_and_register_screen.app */,
			);
			name = Products;
			sourceTree = "<group>";
		};
		7CA483CF286C55F500E4FDBF /* logIn_and_register_screen */ = {
			isa = PBXGroup;
			children = (
				7CA483D0286C55F500E4FDBF /* AppDelegate.swift */,
				7CA483D2286C55F500E4FDBF /* SceneDelegate.swift */,
				7CA483D6286C55F500E4FDBF /* Main.storyboard */,
				7CA483D9286C55F800E4FDBF /* Assets.xcassets */,
				7CA483DB286C55F800E4FDBF /* LaunchScreen.storyboard */,
				7CA483DE286C55F800E4FDBF /* Info.plist */,
				7CA483E4286C565100E4FDBF /* LogInViewController.swift */,
				7CA483E6286C565C00E4FDBF /* RegisterViewController.swift */,
				7CA483E8286C568300E4FDBF /* MapViewController.swift */,
				7CA483EA286C56CC00E4FDBF /* UserInfo.swift */,
				7CA483EC286C56E800E4FDBF /* ColorExtension.swift */,
				7CA483EE286C56FB00E4FDBF /* UIViewController+Extension.swift */,
			);
			path = logIn_and_register_screen;
			sourceTree = "<group>";
		};
/* End PBXGroup section */

/* Begin PBXNativeTarget section */
		7CA483CC286C55F500E4FDBF /* logIn_and_register_screen */ = {
			isa = PBXNativeTarget;
			buildConfigurationList = 7CA483E1286C55F800E4FDBF /* Build configuration list for PBXNativeTarget "logIn_and_register_screen" */;
			buildPhases = (
				7CA483C9286C55F500E4FDBF /* Sources */,
				7CA483CA286C55F500E4FDBF /* Frameworks */,
				7CA483CB286C55F500E4FDBF /* Resources */,
			);
			buildRules = (
			);
			dependencies = (
			);
			name = logIn_and_register_screen;
			productName = logIn_and_register_screen;
			productReference = 7CA483CD286C55F500E4FDBF /* logIn_and_register_screen.app */;
			productType = "com.apple.product-type.application";
		};
/* End PBXNativeTarget section */

/* Begin PBXProject section */
		7CA483C5286C55F500E4FDBF /* Project object */ = {
			isa = PBXProject;
			attributes = {
				BuildIndependentTargetsInParallel = 1;
				LastSwiftUpdateCheck = 1310;
				LastUpgradeCheck = 1310;
				TargetAttributes = {
					7CA483CC286C55F500E4FDBF = {
						CreatedOnToolsVersion = 13.1;
					};
				};
			};
			buildConfigurationList = 7CA483C8286C55F500E4FDBF /* Build configuration list for PBXProject "logIn_and_register_screen" */;
			compatibilityVersion = "Xcode 13.0";
			developmentRegion = en;
			hasScannedForEncodings = 0;
			knownRegions = (
				en,
				Base,
			);
			mainGroup = 7CA483C4286C55F500E4FDBF;
			productRefGroup = 7CA483CE286C55F500E4FDBF /* Products */;
			projectDirPath = "";
			projectRoot = "";
			targets = (
				7CA483CC286C55F500E4FDBF /* logIn_and_register_screen */,
			);
		};
/* End PBXProject section */

/* Begin PBXResourcesBuildPhase section */
		7CA483CB286C55F500E4FDBF /* Resources */ = {
			isa = PBXResourcesBuildPhase;
			buildActionMask = 2147483647;
			files = (
				7CA483DD286C55F800E4FDBF /* LaunchScreen.storyboard in Resources */,
				7CA483DA286C55F800E4FDBF /* Assets.xcassets in Resources */,
				7CA483D8286C55F500E4FDBF /* Main.storyboard in Resources */,
			);
			runOnlyForDeploymentPostprocessing = 0;
		};
/* End PBXResourcesBuildPhase section */

/* Begin PBXSourcesBuildPhase section */
		7CA483C9286C55F500E4FDBF /* Sources */ = {
			isa = PBXSourcesBuildPhase;
			buildActionMask = 2147483647;
			files = (
				7CA483EF286C56FB00E4FDBF /* UIViewController+Extension.swift in Sources */,
				7CA483D1286C55F500E4FDBF /* AppDelegate.swift in Sources */,
				7CA483D3286C55F500E4FDBF /* SceneDelegate.swift in Sources */,
				7CA483E5286C565100E4FDBF /* LogInViewController.swift in Sources */,
				7CA483E9286C568300E4FDBF /* MapViewController.swift in Sources */,
				7CA483EB286C56CC00E4FDBF /* UserInfo.swift in Sources */,
				7CA483ED286C56E800E4FDBF /* ColorExtension.swift in Sources */,
				7CA483E7286C565C00E4FDBF /* RegisterViewController.swift in Sources */,
			);
			runOnlyForDeploymentPostprocessing = 0;
		};
/* End PBXSourcesBuildPhase section */

/* Begin PBXVariantGroup section */
		7CA483D6286C55F500E4FDBF /* Main.storyboard */ = {
			isa = PBXVariantGroup;
			children = (
				7CA483D7286C55F500E4FDBF /* Base */,
			);
			name = Main.storyboard;
			sourceTree = "<group>";
		};
		7CA483DB286C55F800E4FDBF /* LaunchScreen.storyboard */ = {
			isa = PBXVariantGroup;
			children = (
				7CA483DC286C55F800E4FDBF /* Base */,
			);
			name = LaunchScreen.storyboard;
			sourceTree = "<group>";
		};
/* End PBXVariantGroup section */

/* Begin XCBuildConfiguration section */
		7CA483DF286C55F800E4FDBF /* Debug */ = {
			isa = XCBuildConfiguration;
			buildSettings = {
				ALWAYS_SEARCH_USER_PATHS = NO;
				CLANG_ANALYZER_NONNULL = YES;
				CLANG_ANALYZER_NUMBER_OBJECT_CONVERSION = YES_AGGRESSIVE;
				CLANG_CXX_LANGUAGE_STANDARD = "gnu++17";
				CLANG_CXX_LIBRARY = "libc++";
				CLANG_ENABLE_MODULES = YES;
				CLANG_ENABLE_OBJC_ARC = YES;
				CLANG_ENABLE_OBJC_WEAK = YES;
				CLANG_WARN_BLOCK_CAPTURE_AUTORELEASING = YES;
				CLANG_WARN_BOOL_CONVERSION = YES;
				CLANG_WARN_COMMA = YES;
				CLANG_WARN_CONSTANT_CONVERSION = YES;
				CLANG_WARN_DEPRECATED_OBJC_IMPLEMENTATIONS = YES;
				CLANG_WARN_DIRECT_OBJC_ISA_USAGE = YES_ERROR;
				CLANG_WARN_DOCUMENTATION_COMMENTS = YES;
				CLANG_WARN_EMPTY_BODY = YES;
				CLANG_WARN_ENUM_CONVERSION = YES;
				CLANG_WARN_INFINITE_RECURSION = YES;
				CLANG_WARN_INT_CONVERSION = YES;
				CLANG_WARN_NON_LITERAL_NULL_CONVERSION = YES;
				CLANG_WARN_OBJC_IMPLICIT_RETAIN_SELF = YES;
				CLANG_WARN_OBJC_LITERAL_CONVERSION = YES;
				CLANG_WARN_OBJC_ROOT_CLASS = YES_ERROR;
				CLANG_WARN_QUOTED_INCLUDE_IN_FRAMEWORK_HEADER = YES;
				CLANG_WARN_RANGE_LOOP_ANALYSIS = YES;
				CLANG_WARN_STRICT_PROTOTYPES = YES;
				CLANG_WARN_SUSPICIOUS_MOVE = YES;
				CLANG_WARN_UNGUARDED_AVAILABILITY = YES_AGGRESSIVE;
				CLANG_WARN_UNREACHABLE_CODE = YES;
				CLANG_WARN__DUPLICATE_METHOD_MATCH = YES;
				COPY_PHASE_STRIP = NO;
				DEBUG_INFORMATION_FORMAT = dwarf;
				ENABLE_STRICT_OBJC_MSGSEND = YES;
				ENABLE_TESTABILITY = YES;
				GCC_C_LANGUAGE_STANDARD = gnu11;
				GCC_DYNAMIC_NO_PIC = NO;
				GCC_NO_COMMON_BLOCKS = YES;
				GCC_OPTIMIZATION_LEVEL = 0;
				GCC_PREPROCESSOR_DEFINITIONS = (
					"DEBUG=1",
					"$(inherited)",
				);
				GCC_WARN_64_TO_32_BIT_CONVERSION = YES;
				GCC_WARN_ABOUT_RETURN_TYPE = YES_ERROR;
				GCC_WARN_UNDECLARED_SELECTOR = YES;
				GCC_WARN_UNINITIALIZED_AUTOS = YES_AGGRESSIVE;
				GCC_WARN_UNUSED_FUNCTION = YES;
				GCC_WARN_UNUSED_VARIABLE = YES;
				IPHONEOS_DEPLOYMENT_TARGET = 15.0;
				MTL_ENABLE_DEBUG_INFO = INCLUDE_SOURCE;
				MTL_FAST_MATH = YES;
				ONLY_ACTIVE_ARCH = YES;
				SDKROOT = iphoneos;
				SWIFT_ACTIVE_COMPILATION_CONDITIONS = DEBUG;
				SWIFT_OPTIMIZATION_LEVEL = "-Onone";
			};
			name = Debug;
		};
		7CA483E0286C55F800E4FDBF /* Release */ = {
			isa = XCBuildConfiguration;
			buildSettings = {
				ALWAYS_SEARCH_USER_PATHS = NO;
				CLANG_ANALYZER_NONNULL = YES;
				CLANG_ANALYZER_NUMBER_OBJECT_CONVERSION = YES_AGGRESSIVE;
				CLANG_CXX_LANGUAGE_STANDARD = "gnu++17";
				CLANG_CXX_LIBRARY = "libc++";
				CLANG_ENABLE_MODULES = YES;
				CLANG_ENABLE_OBJC_ARC = YES;
				CLANG_ENABLE_OBJC_WEAK = YES;
				CLANG_WARN_BLOCK_CAPTURE_AUTORELEASING = YES;
				CLANG_WARN_BOOL_CONVERSION = YES;
				CLANG_WARN_COMMA = YES;
				CLANG_WARN_CONSTANT_CONVERSION = YES;
				CLANG_WARN_DEPRECATED_OBJC_IMPLEMENTATIONS = YES;
				CLANG_WARN_DIRECT_OBJC_ISA_USAGE = YES_ERROR;
				CLANG_WARN_DOCUMENTATION_COMMENTS = YES;
				CLANG_WARN_EMPTY_BODY = YES;
				CLANG_WARN_ENUM_CONVERSION = YES;
				CLANG_WARN_INFINITE_RECURSION = YES;
				CLANG_WARN_INT_CONVERSION = YES;
				CLANG_WARN_NON_LITERAL_NULL_CONVERSION = YES;
				CLANG_WARN_OBJC_IMPLICIT_RETAIN_SELF = YES;
				CLANG_WARN_OBJC_LITERAL_CONVERSION = YES;
				CLANG_WARN_OBJC_ROOT_CLASS = YES_ERROR;
				CLANG_WARN_QUOTED_INCLUDE_IN_FRAMEWORK_HEADER = YES;
				CLANG_WARN_RANGE_LOOP_ANALYSIS = YES;
				CLANG_WARN_STRICT_PROTOTYPES = YES;
				CLANG_WARN_SUSPICIOUS_MOVE = YES;
				CLANG_WARN_UNGUARDED_AVAILABILITY = YES_AGGRESSIVE;
				CLANG_WARN_UNREACHABLE_CODE = YES;
				CLANG_WARN__DUPLICATE_METHOD_MATCH = YES;
				COPY_PHASE_STRIP = NO;
				DEBUG_INFORMATION_FORMAT = "dwarf-with-dsym";
				ENABLE_NS_ASSERTIONS = NO;
				ENABLE_STRICT_OBJC_MSGSEND = YES;
				GCC_C_LANGUAGE_STANDARD = gnu11;
				GCC_NO_COMMON_BLOCKS = YES;
				GCC_WARN_64_TO_32_BIT_CONVERSION = YES;
				GCC_WARN_ABOUT_RETURN_TYPE = YES_ERROR;
				GCC_WARN_UNDECLARED_SELECTOR = YES;
				GCC_WARN_UNINITIALIZED_AUTOS = YES_AGGRESSIVE;
				GCC_WARN_UNUSED_FUNCTION = YES;
				GCC_WARN_UNUSED_VARIABLE = YES;
				IPHONEOS_DEPLOYMENT_TARGET = 15.0;
				MTL_ENABLE_DEBUG_INFO = NO;
				MTL_FAST_MATH = YES;
				SDKROOT = iphoneos;
				SWIFT_COMPILATION_MODE = wholemodule;
				SWIFT_OPTIMIZATION_LEVEL = "-O";
				VALIDATE_PRODUCT = YES;
			};
			name = Release;
		};
		7CA483E2286C55F800E4FDBF /* Debug */ = {
			isa = XCBuildConfiguration;
			buildSettings = {
				ASSETCATALOG_COMPILER_APPICON_NAME = AppIcon;
				ASSETCATALOG_COMPILER_GLOBAL_ACCENT_COLOR_NAME = AccentColor;
				CODE_SIGN_STYLE = Automatic;
				CURRENT_PROJECT_VERSION = 1;
				DEVELOPMENT_TEAM = C3N2FXBXWT;
				GENERATE_INFOPLIST_FILE = YES;
				INFOPLIST_FILE = logIn_and_register_screen/Info.plist;
				INFOPLIST_KEY_UIApplicationSupportsIndirectInputEvents = YES;
				INFOPLIST_KEY_UILaunchStoryboardName = LaunchScreen;
				INFOPLIST_KEY_UIMainStoryboardFile = Main;
				INFOPLIST_KEY_UISupportedInterfaceOrientations_iPad = "UIInterfaceOrientationPortrait UIInterfaceOrientationPortraitUpsideDown UIInterfaceOrientationLandscapeLeft UIInterfaceOrientationLandscapeRight";
				INFOPLIST_KEY_UISupportedInterfaceOrientations_iPhone = "UIInterfaceOrientationPortrait UIInterfaceOrientationLandscapeLeft UIInterfaceOrientationLandscapeRight";
				LD_RUNPATH_SEARCH_PATHS = (
					"$(inherited)",
					"@executable_path/Frameworks",
				);
				MARKETING_VERSION = 1.0;
				PRODUCT_BUNDLE_IDENTIFIER = "sherlocked.logIn-and-register-screen";
				PRODUCT_NAME = "$(TARGET_NAME)";
				SWIFT_EMIT_LOC_STRINGS = YES;
				SWIFT_VERSION = 5.0;
				TARGETED_DEVICE_FAMILY = "1,2";
			};
			name = Debug;
		};
		7CA483E3286C55F800E4FDBF /* Release */ = {
			isa = XCBuildConfiguration;
			buildSettings = {
				ASSETCATALOG_COMPILER_APPICON_NAME = AppIcon;
				ASSETCATALOG_COMPILER_GLOBAL_ACCENT_COLOR_NAME = AccentColor;
				CODE_SIGN_STYLE = Automatic;
				CURRENT_PROJECT_VERSION = 1;
				DEVELOPMENT_TEAM = C3N2FXBXWT;
				GENERATE_INFOPLIST_FILE = YES;
				INFOPLIST_FILE = logIn_and_register_screen/Info.plist;
				INFOPLIST_KEY_UIApplicationSupportsIndirectInputEvents = YES;
				INFOPLIST_KEY_UILaunchStoryboardName = LaunchScreen;
				INFOPLIST_KEY_UIMainStoryboardFile = Main;
				INFOPLIST_KEY_UISupportedInterfaceOrientations_iPad = "UIInterfaceOrientationPortrait UIInterfaceOrientationPortraitUpsideDown UIInterfaceOrientationLandscapeLeft UIInterfaceOrientationLandscapeRight";
				INFOPLIST_KEY_UISupportedInterfaceOrientations_iPhone = "UIInterfaceOrientationPortrait UIInterfaceOrientationLandscapeLeft UIInterfaceOrientationLandscapeRight";
				LD_RUNPATH_SEARCH_PATHS = (
					"$(inherited)",
					"@executable_path/Frameworks",
				);
				MARKETING_VERSION = 1.0;
				PRODUCT_BUNDLE_IDENTIFIER = "sherlocked.logIn-and-register-screen";
				PRODUCT_NAME = "$(TARGET_NAME)";
				SWIFT_EMIT_LOC_STRINGS = YES;
				SWIFT_VERSION = 5.0;
				TARGETED_DEVICE_FAMILY = "1,2";
			};
			name = Release;
		};
/* End XCBuildConfiguration section */

/* Begin XCConfigurationList section */
		7CA483C8286C55F500E4FDBF /* Build configuration list for PBXProject "logIn_and_register_screen" */ = {
			isa = XCConfigurationList;
			buildConfigurations = (
				7CA483DF286C55F800E4FDBF /* Debug */,
				7CA483E0286C55F800E4FDBF /* Release */,
			);
			defaultConfigurationIsVisible = 0;
			defaultConfigurationName = Release;
		};
		7CA483E1286C55F800E4FDBF /* Build configuration list for PBXNativeTarget "logIn_and_register_screen" */ = {
			isa = XCConfigurationList;
			buildConfigurations = (
				7CA483E2286C55F800E4FDBF /* Debug */,
				7CA483E3286C55F800E4FDBF /* Release */,
			);
			defaultConfigurationIsVisible = 0;
			defaultConfigurationName = Release;
		};
/* End XCConfigurationList section */
	};
	rootObject = 7CA483C5286C55F500E4FDBF /* Project object */;
}
